
Microsoft Visual Studio Solution File, Format Version 12.00
# Visual Studio Version 16
VisualStudioVersion = 16.0.32802.440
MinimumVisualStudioVersion = 10.0.40219.1
Project("{9A19103F-16F7-4668-BE54-9A1E7A4F7556}") = "QRFocus.Library", "QRFocus.Library\QRFocus.Library.csproj", "{1E3B2BE4-BE55-4EE6-B307-5B1CD27E8A23}"
EndProject
Project("{FAE04EC0-301F-11D3-BF4B-00C04F79EFBC}") = "QRFocus.Demo", "QRFocus.Demo\QRFocus.Demo.csproj", "{F46BF980-703D-4DA0-8D60-3B755A0A4E8E}"
EndProject
Global
	GlobalSection(SolutionConfigurationPlatforms) = preSolution
		Debug|Any CPU = Debug|Any CPU
		Release|Any CPU = Release|Any CPU
	EndGlobalSection
	GlobalSection(ProjectConfigurationPlatforms) = postSolution
		{1E3B2BE4-BE55-4EE6-B307-5B1CD27E8A23}.Debug|Any CPU.ActiveCfg = Debug|Any CPU
		{1E3B2BE4-BE55-4EE6-B307-5B1CD27E8A23}.Debug|Any CPU.Build.0 = Debug|Any CPU
		{1E3B2BE4-BE55-4EE6-B307-5B1CD27E8A23}.Release|Any CPU.ActiveCfg = Release|Any CPU
		{1E3B2BE4-BE55-4EE6-B307-5B1CD27E8A23}.Release|Any CPU.Build.0 = Release|Any CPU
		{F46BF980-703D-4DA0-8D60-3B755A0A4E8E}.Debug|Any CPU.ActiveCfg = Debug|Any CPU
		{F46BF980-703D-4DA0-8D60-3B755A0A4E8E}.Debug|Any CPU.Build.0 = Debug|Any CPU
		{F46BF980-703D-4DA0-8D60-3B755A0A4E8E}.Release|Any CPU.ActiveCfg = Release|Any CPU
		{F46BF980-703D-4DA0-8D60-3B755A0A4E8E}.Release|Any CPU.Build.0 = Release|Any CPU
	EndGlobalSection
	GlobalSection(SolutionProperties) = preSolution
		HideSolutionNode = FALSE
	EndGlobalSection
	GlobalSection(ExtensibilityGlobals) = postSolution
		SolutionGuid = {00259ABB-E831-410C-AFF7-B6ED7932418E}
	EndGlobalSection
EndGlobal
